
Microsoft Visual Studio Solution File, Format Version 12.00
# Visual Studio Version 16
VisualStudioVersion = 16.0.29721.120
MinimumVisualStudioVersion = 10.0.40219.1
Project("{9A19103F-16F7-4668-BE54-9A1E7A4F7556}") = "com.ataxlab.alfwm.core", "com.ataxlab.alfwm.core\com.ataxlab.alfwm.core.csproj", "{0D7301DD-78FD-481D-9E55-1DEE689E1F8C}"
EndProject
Project("{9A19103F-16F7-4668-BE54-9A1E7A4F7556}") = "com.ataxlab.alfwm", "com.ataxlab.alfwm\com.ataxlab.alfwm.csproj", "{3216324D-1C0D-4F04-A06A-5B8812E74805}"
EndProject
Project("{2150E333-8FDC-42A3-9474-1A3956D46DE8}") = "documentation", "documentation", "{AFB28037-577B-4E10-B096-C83E6C286407}"
	ProjectSection(SolutionItems) = preProject
		..\..\documentation\Class Diagram.vsdx = ..\..\documentation\Class Diagram.vsdx
	EndProjectSection
EndProject
Project("{9A19103F-16F7-4668-BE54-9A1E7A4F7556}") = "com.ataxlab.alfwm.library.activity", "com.ataxlab.alfwm.library.activity\com.ataxlab.alfwm.library.activity.csproj", "{0C2E8A2C-974A-4E07-A829-4284590D6219}"
EndProject
Project("{FAE04EC0-301F-11D3-BF4B-00C04F79EFBC}") = "com.ataxlab.alfwm.scheduler.uwp", "com.ataxlab.alfwm.scheduler.uwp\com.ataxlab.alfwm.scheduler.uwp.csproj", "{3620C0AB-4B60-42EF-BC08-E658A2893646}"
EndProject
Project("{FAE04EC0-301F-11D3-BF4B-00C04F79EFBC}") = "com.ataxlab.alfwm.uwp.mstests", "com.ataxlab.alfwm.uwp.mstests\com.ataxlab.alfwm.uwp.mstests.csproj", "{9AE332A7-E705-4AF0-B22B-3C12BA95247E}"
EndProject
Project("{FAE04EC0-301F-11D3-BF4B-00C04F79EFBC}") = "com.ataxlab.alfwm.library.uwp.activity", "com.ataxlab.alfwm.library.uwp.activity\com.ataxlab.alfwm.library.uwp.activity.csproj", "{BCC195CD-6ADE-4294-B695-9028450CB1B1}"
EndProject
Project("{FAE04EC0-301F-11D3-BF4B-00C04F79EFBC}") = "com.ataxlab.alfwm.persistence.dbcontext", "com.ataxlab.alfwm.persistence.sqlite\com.ataxlab.alfwm.persistence.dbcontext.csproj", "{023A9479-D87A-4B63-92D0-CF182FE6E098}"
EndProject
Project("{2150E333-8FDC-42A3-9474-1A3956D46DE8}") = "Solution Items", "Solution Items", "{3085C9C0-574D-432A-A5B7-FB4C20B0E05D}"
	ProjectSection(SolutionItems) = preProject
		Nuget.Config = Nuget.Config
		..\..\UwpTestProjectBuildPipeline.yml = ..\..\UwpTestProjectBuildPipeline.yml
	EndProjectSection
EndProject
Project("{9A19103F-16F7-4668-BE54-9A1E7A4F7556}") = "com.ataxlab.alfwm.persistence.litedb", "com.ataxlab.alfwm.persistence.litedb\com.ataxlab.alfwm.persistence.litedb.csproj", "{2DDAA1FC-F157-4978-AA1D-8E605B781E27}"
EndProject
Project("{9A19103F-16F7-4668-BE54-9A1E7A4F7556}") = "com.ataxlab.alfwm.model", "com.ataxlab.alfwm.model\com.ataxlab.alfwm.model.csproj", "{5B15EA85-B642-4FAD-86B7-DA3BEC9F616A}"
EndProject
Global
	GlobalSection(SolutionConfigurationPlatforms) = preSolution
		Debug|Any CPU = Debug|Any CPU
		Debug|ARM = Debug|ARM
		Debug|ARM64 = Debug|ARM64
		Debug|x64 = Debug|x64
		Debug|x86 = Debug|x86
		Release|Any CPU = Release|Any CPU
		Release|ARM = Release|ARM
		Release|ARM64 = Release|ARM64
		Release|x64 = Release|x64
		Release|x86 = Release|x86
	EndGlobalSection
	GlobalSection(ProjectConfigurationPlatforms) = postSolution
		{0D7301DD-78FD-481D-9E55-1DEE689E1F8C}.Debug|Any CPU.ActiveCfg = Debug|Any CPU
		{0D7301DD-78FD-481D-9E55-1DEE689E1F8C}.Debug|Any CPU.Build.0 = Debug|Any CPU
		{0D7301DD-78FD-481D-9E55-1DEE689E1F8C}.Debug|ARM.ActiveCfg = Debug|Any CPU
		{0D7301DD-78FD-481D-9E55-1DEE689E1F8C}.Debug|ARM.Build.0 = Debug|Any CPU
		{0D7301DD-78FD-481D-9E55-1DEE689E1F8C}.Debug|ARM64.ActiveCfg = Debug|Any CPU
		{0D7301DD-78FD-481D-9E55-1DEE689E1F8C}.Debug|ARM64.Build.0 = Debug|Any CPU
		{0D7301DD-78FD-481D-9E55-1DEE689E1F8C}.Debug|x64.ActiveCfg = Debug|Any CPU
		{0D7301DD-78FD-481D-9E55-1DEE689E1F8C}.Debug|x64.Build.0 = Debug|Any CPU
		{0D7301DD-78FD-481D-9E55-1DEE689E1F8C}.Debug|x86.ActiveCfg = Debug|Any CPU
		{0D7301DD-78FD-481D-9E55-1DEE689E1F8C}.Debug|x86.Build.0 = Debug|Any CPU
		{0D7301DD-78FD-481D-9E55-1DEE689E1F8C}.Release|Any CPU.ActiveCfg = Release|Any CPU
		{0D7301DD-78FD-481D-9E55-1DEE689E1F8C}.Release|Any CPU.Build.0 = Release|Any CPU
		{0D7301DD-78FD-481D-9E55-1DEE689E1F8C}.Release|ARM.ActiveCfg = Release|Any CPU
		{0D7301DD-78FD-481D-9E55-1DEE689E1F8C}.Release|ARM.Build.0 = Release|Any CPU
		{0D7301DD-78FD-481D-9E55-1DEE689E1F8C}.Release|ARM64.ActiveCfg = Release|Any CPU
		{0D7301DD-78FD-481D-9E55-1DEE689E1F8C}.Release|ARM64.Build.0 = Release|Any CPU
		{0D7301DD-78FD-481D-9E55-1DEE689E1F8C}.Release|x64.ActiveCfg = Release|Any CPU
		{0D7301DD-78FD-481D-9E55-1DEE689E1F8C}.Release|x64.Build.0 = Release|Any CPU
		{0D7301DD-78FD-481D-9E55-1DEE689E1F8C}.Release|x86.ActiveCfg = Release|Any CPU
		{0D7301DD-78FD-481D-9E55-1DEE689E1F8C}.Release|x86.Build.0 = Release|Any CPU
		{3216324D-1C0D-4F04-A06A-5B8812E74805}.Debug|Any CPU.ActiveCfg = Debug|Any CPU
		{3216324D-1C0D-4F04-A06A-5B8812E74805}.Debug|Any CPU.Build.0 = Debug|Any CPU
		{3216324D-1C0D-4F04-A06A-5B8812E74805}.Debug|ARM.ActiveCfg = Debug|Any CPU
		{3216324D-1C0D-4F04-A06A-5B8812E74805}.Debug|ARM.Build.0 = Debug|Any CPU
		{3216324D-1C0D-4F04-A06A-5B8812E74805}.Debug|ARM64.ActiveCfg = Debug|Any CPU
		{3216324D-1C0D-4F04-A06A-5B8812E74805}.Debug|ARM64.Build.0 = Debug|Any CPU
		{3216324D-1C0D-4F04-A06A-5B8812E74805}.Debug|x64.ActiveCfg = Debug|Any CPU
		{3216324D-1C0D-4F04-A06A-5B8812E74805}.Debug|x64.Build.0 = Debug|Any CPU
		{3216324D-1C0D-4F04-A06A-5B8812E74805}.Debug|x86.ActiveCfg = Debug|Any CPU
		{3216324D-1C0D-4F04-A06A-5B8812E74805}.Debug|x86.Build.0 = Debug|Any CPU
		{3216324D-1C0D-4F04-A06A-5B8812E74805}.Release|Any CPU.ActiveCfg = Release|Any CPU
		{3216324D-1C0D-4F04-A06A-5B8812E74805}.Release|Any CPU.Build.0 = Release|Any CPU
		{3216324D-1C0D-4F04-A06A-5B8812E74805}.Release|ARM.ActiveCfg = Release|Any CPU
		{3216324D-1C0D-4F04-A06A-5B8812E74805}.Release|ARM.Build.0 = Release|Any CPU
		{3216324D-1C0D-4F04-A06A-5B8812E74805}.Release|ARM64.ActiveCfg = Release|Any CPU
		{3216324D-1C0D-4F04-A06A-5B8812E74805}.Release|ARM64.Build.0 = Release|Any CPU
		{3216324D-1C0D-4F04-A06A-5B8812E74805}.Release|x64.ActiveCfg = Release|Any CPU
		{3216324D-1C0D-4F04-A06A-5B8812E74805}.Release|x64.Build.0 = Release|Any CPU
		{3216324D-1C0D-4F04-A06A-5B8812E74805}.Release|x86.ActiveCfg = Release|Any CPU
		{3216324D-1C0D-4F04-A06A-5B8812E74805}.Release|x86.Build.0 = Release|Any CPU
		{0C2E8A2C-974A-4E07-A829-4284590D6219}.Debug|Any CPU.ActiveCfg = Debug|Any CPU
		{0C2E8A2C-974A-4E07-A829-4284590D6219}.Debug|Any CPU.Build.0 = Debug|Any CPU
		{0C2E8A2C-974A-4E07-A829-4284590D6219}.Debug|ARM.ActiveCfg = Debug|Any CPU
		{0C2E8A2C-974A-4E07-A829-4284590D6219}.Debug|ARM.Build.0 = Debug|Any CPU
		{0C2E8A2C-974A-4E07-A829-4284590D6219}.Debug|ARM64.ActiveCfg = Debug|Any CPU
		{0C2E8A2C-974A-4E07-A829-4284590D6219}.Debug|ARM64.Build.0 = Debug|Any CPU
		{0C2E8A2C-974A-4E07-A829-4284590D6219}.Debug|x64.ActiveCfg = Debug|Any CPU
		{0C2E8A2C-974A-4E07-A829-4284590D6219}.Debug|x64.Build.0 = Debug|Any CPU
		{0C2E8A2C-974A-4E07-A829-4284590D6219}.Debug|x86.ActiveCfg = Debug|Any CPU
		{0C2E8A2C-974A-4E07-A829-4284590D6219}.Debug|x86.Build.0 = Debug|Any CPU
		{0C2E8A2C-974A-4E07-A829-4284590D6219}.Release|Any CPU.ActiveCfg = Release|Any CPU
		{0C2E8A2C-974A-4E07-A829-4284590D6219}.Release|Any CPU.Build.0 = Release|Any CPU
		{0C2E8A2C-974A-4E07-A829-4284590D6219}.Release|ARM.ActiveCfg = Release|Any CPU
		{0C2E8A2C-974A-4E07-A829-4284590D6219}.Release|ARM.Build.0 = Release|Any CPU
		{0C2E8A2C-974A-4E07-A829-4284590D6219}.Release|ARM64.ActiveCfg = Release|Any CPU
		{0C2E8A2C-974A-4E07-A829-4284590D6219}.Release|ARM64.Build.0 = Release|Any CPU
		{0C2E8A2C-974A-4E07-A829-4284590D6219}.Release|x64.ActiveCfg = Release|Any CPU
		{0C2E8A2C-974A-4E07-A829-4284590D6219}.Release|x64.Build.0 = Release|Any CPU
		{0C2E8A2C-974A-4E07-A829-4284590D6219}.Release|x86.ActiveCfg = Release|Any CPU
		{0C2E8A2C-974A-4E07-A829-4284590D6219}.Release|x86.Build.0 = Release|Any CPU
		{3620C0AB-4B60-42EF-BC08-E658A2893646}.Debug|Any CPU.ActiveCfg = Debug|Any CPU
		{3620C0AB-4B60-42EF-BC08-E658A2893646}.Debug|Any CPU.Build.0 = Debug|Any CPU
		{3620C0AB-4B60-42EF-BC08-E658A2893646}.Debug|ARM.ActiveCfg = Debug|ARM
		{3620C0AB-4B60-42EF-BC08-E658A2893646}.Debug|ARM.Build.0 = Debug|ARM
		{3620C0AB-4B60-42EF-BC08-E658A2893646}.Debug|ARM64.ActiveCfg = Debug|ARM64
		{3620C0AB-4B60-42EF-BC08-E658A2893646}.Debug|ARM64.Build.0 = Debug|ARM64
		{3620C0AB-4B60-42EF-BC08-E658A2893646}.Debug|x64.ActiveCfg = Debug|x64
		{3620C0AB-4B60-42EF-BC08-E658A2893646}.Debug|x64.Build.0 = Debug|x64
		{3620C0AB-4B60-42EF-BC08-E658A2893646}.Debug|x86.ActiveCfg = Debug|x86
		{3620C0AB-4B60-42EF-BC08-E658A2893646}.Debug|x86.Build.0 = Debug|x86
		{3620C0AB-4B60-42EF-BC08-E658A2893646}.Release|Any CPU.ActiveCfg = Release|Any CPU
		{3620C0AB-4B60-42EF-BC08-E658A2893646}.Release|Any CPU.Build.0 = Release|Any CPU
		{3620C0AB-4B60-42EF-BC08-E658A2893646}.Release|ARM.ActiveCfg = Release|ARM
		{3620C0AB-4B60-42EF-BC08-E658A2893646}.Release|ARM.Build.0 = Release|ARM
		{3620C0AB-4B60-42EF-BC08-E658A2893646}.Release|ARM64.ActiveCfg = Release|ARM64
		{3620C0AB-4B60-42EF-BC08-E658A2893646}.Release|ARM64.Build.0 = Release|ARM64
		{3620C0AB-4B60-42EF-BC08-E658A2893646}.Release|x64.ActiveCfg = Release|x64
		{3620C0AB-4B60-42EF-BC08-E658A2893646}.Release|x64.Build.0 = Release|x64
		{3620C0AB-4B60-42EF-BC08-E658A2893646}.Release|x86.ActiveCfg = Release|x86
		{3620C0AB-4B60-42EF-BC08-E658A2893646}.Release|x86.Build.0 = Release|x86
		{9AE332A7-E705-4AF0-B22B-3C12BA95247E}.Debug|Any CPU.ActiveCfg = Debug|x86
		{9AE332A7-E705-4AF0-B22B-3C12BA95247E}.Debug|ARM.ActiveCfg = Debug|ARM
		{9AE332A7-E705-4AF0-B22B-3C12BA95247E}.Debug|ARM.Build.0 = Debug|ARM
		{9AE332A7-E705-4AF0-B22B-3C12BA95247E}.Debug|ARM.Deploy.0 = Debug|ARM
		{9AE332A7-E705-4AF0-B22B-3C12BA95247E}.Debug|ARM64.ActiveCfg = Debug|ARM64
		{9AE332A7-E705-4AF0-B22B-3C12BA95247E}.Debug|ARM64.Build.0 = Debug|ARM64
		{9AE332A7-E705-4AF0-B22B-3C12BA95247E}.Debug|ARM64.Deploy.0 = Debug|ARM64
		{9AE332A7-E705-4AF0-B22B-3C12BA95247E}.Debug|x64.ActiveCfg = Debug|x64
		{9AE332A7-E705-4AF0-B22B-3C12BA95247E}.Debug|x64.Build.0 = Debug|x64
		{9AE332A7-E705-4AF0-B22B-3C12BA95247E}.Debug|x64.Deploy.0 = Debug|x64
		{9AE332A7-E705-4AF0-B22B-3C12BA95247E}.Debug|x86.ActiveCfg = Debug|x86
		{9AE332A7-E705-4AF0-B22B-3C12BA95247E}.Debug|x86.Build.0 = Debug|x86
		{9AE332A7-E705-4AF0-B22B-3C12BA95247E}.Release|Any CPU.ActiveCfg = Release|x86
		{9AE332A7-E705-4AF0-B22B-3C12BA95247E}.Release|Any CPU.Build.0 = Release|x86
		{9AE332A7-E705-4AF0-B22B-3C12BA95247E}.Release|ARM.ActiveCfg = Release|ARM
		{9AE332A7-E705-4AF0-B22B-3C12BA95247E}.Release|ARM.Build.0 = Release|ARM
		{9AE332A7-E705-4AF0-B22B-3C12BA95247E}.Release|ARM.Deploy.0 = Release|ARM
		{9AE332A7-E705-4AF0-B22B-3C12BA95247E}.Release|ARM64.ActiveCfg = Release|ARM64
		{9AE332A7-E705-4AF0-B22B-3C12BA95247E}.Release|ARM64.Build.0 = Release|ARM64
		{9AE332A7-E705-4AF0-B22B-3C12BA95247E}.Release|ARM64.Deploy.0 = Release|ARM64
		{9AE332A7-E705-4AF0-B22B-3C12BA95247E}.Release|x64.ActiveCfg = Release|x64
		{9AE332A7-E705-4AF0-B22B-3C12BA95247E}.Release|x64.Build.0 = Release|x64
		{9AE332A7-E705-4AF0-B22B-3C12BA95247E}.Release|x64.Deploy.0 = Release|x64
		{9AE332A7-E705-4AF0-B22B-3C12BA95247E}.Release|x86.ActiveCfg = Release|x86
		{9AE332A7-E705-4AF0-B22B-3C12BA95247E}.Release|x86.Build.0 = Release|x86
		{BCC195CD-6ADE-4294-B695-9028450CB1B1}.Debug|Any CPU.ActiveCfg = Debug|Any CPU
		{BCC195CD-6ADE-4294-B695-9028450CB1B1}.Debug|Any CPU.Build.0 = Debug|Any CPU
		{BCC195CD-6ADE-4294-B695-9028450CB1B1}.Debug|ARM.ActiveCfg = Debug|ARM
		{BCC195CD-6ADE-4294-B695-9028450CB1B1}.Debug|ARM.Build.0 = Debug|ARM
		{BCC195CD-6ADE-4294-B695-9028450CB1B1}.Debug|ARM64.ActiveCfg = Debug|ARM64
		{BCC195CD-6ADE-4294-B695-9028450CB1B1}.Debug|ARM64.Build.0 = Debug|ARM64
		{BCC195CD-6ADE-4294-B695-9028450CB1B1}.Debug|x64.ActiveCfg = Debug|x64
		{BCC195CD-6ADE-4294-B695-9028450CB1B1}.Debug|x64.Build.0 = Debug|x64
		{BCC195CD-6ADE-4294-B695-9028450CB1B1}.Debug|x86.ActiveCfg = Debug|x86
		{BCC195CD-6ADE-4294-B695-9028450CB1B1}.Debug|x86.Build.0 = Debug|x86
		{BCC195CD-6ADE-4294-B695-9028450CB1B1}.Release|Any CPU.ActiveCfg = Release|Any CPU
		{BCC195CD-6ADE-4294-B695-9028450CB1B1}.Release|Any CPU.Build.0 = Release|Any CPU
		{BCC195CD-6ADE-4294-B695-9028450CB1B1}.Release|ARM.ActiveCfg = Release|ARM
		{BCC195CD-6ADE-4294-B695-9028450CB1B1}.Release|ARM.Build.0 = Release|ARM
		{BCC195CD-6ADE-4294-B695-9028450CB1B1}.Release|ARM64.ActiveCfg = Release|ARM64
		{BCC195CD-6ADE-4294-B695-9028450CB1B1}.Release|ARM64.Build.0 = Release|ARM64
		{BCC195CD-6ADE-4294-B695-9028450CB1B1}.Release|x64.ActiveCfg = Release|x64
		{BCC195CD-6ADE-4294-B695-9028450CB1B1}.Release|x64.Build.0 = Release|x64
		{BCC195CD-6ADE-4294-B695-9028450CB1B1}.Release|x86.ActiveCfg = Release|x86
		{BCC195CD-6ADE-4294-B695-9028450CB1B1}.Release|x86.Build.0 = Release|x86
		{023A9479-D87A-4B63-92D0-CF182FE6E098}.Debug|Any CPU.ActiveCfg = Debug|Any CPU
		{023A9479-D87A-4B63-92D0-CF182FE6E098}.Debug|Any CPU.Build.0 = Debug|Any CPU
		{023A9479-D87A-4B63-92D0-CF182FE6E098}.Debug|ARM.ActiveCfg = Debug|ARM
		{023A9479-D87A-4B63-92D0-CF182FE6E098}.Debug|ARM.Build.0 = Debug|ARM
		{023A9479-D87A-4B63-92D0-CF182FE6E098}.Debug|ARM64.ActiveCfg = Debug|ARM64
		{023A9479-D87A-4B63-92D0-CF182FE6E098}.Debug|ARM64.Build.0 = Debug|ARM64
		{023A9479-D87A-4B63-92D0-CF182FE6E098}.Debug|x64.ActiveCfg = Debug|x64
		{023A9479-D87A-4B63-92D0-CF182FE6E098}.Debug|x64.Build.0 = Debug|x64
		{023A9479-D87A-4B63-92D0-CF182FE6E098}.Debug|x86.ActiveCfg = Debug|x86
		{023A9479-D87A-4B63-92D0-CF182FE6E098}.Debug|x86.Build.0 = Debug|x86
		{023A9479-D87A-4B63-92D0-CF182FE6E098}.Release|Any CPU.ActiveCfg = Release|Any CPU
		{023A9479-D87A-4B63-92D0-CF182FE6E098}.Release|Any CPU.Build.0 = Release|Any CPU
		{023A9479-D87A-4B63-92D0-CF182FE6E098}.Release|ARM.ActiveCfg = Release|ARM
		{023A9479-D87A-4B63-92D0-CF182FE6E098}.Release|ARM.Build.0 = Release|ARM
		{023A9479-D87A-4B63-92D0-CF182FE6E098}.Release|ARM64.ActiveCfg = Release|ARM64
		{023A9479-D87A-4B63-92D0-CF182FE6E098}.Release|ARM64.Build.0 = Release|ARM64
		{023A9479-D87A-4B63-92D0-CF182FE6E098}.Release|x64.ActiveCfg = Release|x64
		{023A9479-D87A-4B63-92D0-CF182FE6E098}.Release|x64.Build.0 = Release|x64
		{023A9479-D87A-4B63-92D0-CF182FE6E098}.Release|x86.ActiveCfg = Release|x86
		{023A9479-D87A-4B63-92D0-CF182FE6E098}.Release|x86.Build.0 = Release|x86
		{2DDAA1FC-F157-4978-AA1D-8E605B781E27}.Debug|Any CPU.ActiveCfg = Debug|Any CPU
		{2DDAA1FC-F157-4978-AA1D-8E605B781E27}.Debug|Any CPU.Build.0 = Debug|Any CPU
		{2DDAA1FC-F157-4978-AA1D-8E605B781E27}.Debug|ARM.ActiveCfg = Debug|Any CPU
		{2DDAA1FC-F157-4978-AA1D-8E605B781E27}.Debug|ARM.Build.0 = Debug|Any CPU
		{2DDAA1FC-F157-4978-AA1D-8E605B781E27}.Debug|ARM64.ActiveCfg = Debug|Any CPU
		{2DDAA1FC-F157-4978-AA1D-8E605B781E27}.Debug|ARM64.Build.0 = Debug|Any CPU
		{2DDAA1FC-F157-4978-AA1D-8E605B781E27}.Debug|x64.ActiveCfg = Debug|Any CPU
		{2DDAA1FC-F157-4978-AA1D-8E605B781E27}.Debug|x64.Build.0 = Debug|Any CPU
		{2DDAA1FC-F157-4978-AA1D-8E605B781E27}.Debug|x86.ActiveCfg = Debug|Any CPU
		{2DDAA1FC-F157-4978-AA1D-8E605B781E27}.Debug|x86.Build.0 = Debug|Any CPU
		{2DDAA1FC-F157-4978-AA1D-8E605B781E27}.Release|Any CPU.ActiveCfg = Release|Any CPU
		{2DDAA1FC-F157-4978-AA1D-8E605B781E27}.Release|Any CPU.Build.0 = Release|Any CPU
		{2DDAA1FC-F157-4978-AA1D-8E605B781E27}.Release|ARM.ActiveCfg = Release|Any CPU
		{2DDAA1FC-F157-4978-AA1D-8E605B781E27}.Release|ARM.Build.0 = Release|Any CPU
		{2DDAA1FC-F157-4978-AA1D-8E605B781E27}.Release|ARM64.ActiveCfg = Release|Any CPU
		{2DDAA1FC-F157-4978-AA1D-8E605B781E27}.Release|ARM64.Build.0 = Release|Any CPU
		{2DDAA1FC-F157-4978-AA1D-8E605B781E27}.Release|x64.ActiveCfg = Release|Any CPU
		{2DDAA1FC-F157-4978-AA1D-8E605B781E27}.Release|x64.Build.0 = Release|Any CPU
		{2DDAA1FC-F157-4978-AA1D-8E605B781E27}.Release|x86.ActiveCfg = Release|Any CPU
		{2DDAA1FC-F157-4978-AA1D-8E605B781E27}.Release|x86.Build.0 = Release|Any CPU
		{5B15EA85-B642-4FAD-86B7-DA3BEC9F616A}.Debug|Any CPU.ActiveCfg = Debug|Any CPU
		{5B15EA85-B642-4FAD-86B7-DA3BEC9F616A}.Debug|Any CPU.Build.0 = Debug|Any CPU
		{5B15EA85-B642-4FAD-86B7-DA3BEC9F616A}.Debug|ARM.ActiveCfg = Debug|Any CPU
		{5B15EA85-B642-4FAD-86B7-DA3BEC9F616A}.Debug|ARM.Build.0 = Debug|Any CPU
		{5B15EA85-B642-4FAD-86B7-DA3BEC9F616A}.Debug|ARM64.ActiveCfg = Debug|Any CPU
		{5B15EA85-B642-4FAD-86B7-DA3BEC9F616A}.Debug|ARM64.Build.0 = Debug|Any CPU
		{5B15EA85-B642-4FAD-86B7-DA3BEC9F616A}.Debug|x64.ActiveCfg = Debug|Any CPU
		{5B15EA85-B642-4FAD-86B7-DA3BEC9F616A}.Debug|x64.Build.0 = Debug|Any CPU
		{5B15EA85-B642-4FAD-86B7-DA3BEC9F616A}.Debug|x86.ActiveCfg = Debug|Any CPU
		{5B15EA85-B642-4FAD-86B7-DA3BEC9F616A}.Debug|x86.Build.0 = Debug|Any CPU
		{5B15EA85-B642-4FAD-86B7-DA3BEC9F616A}.Release|Any CPU.ActiveCfg = Release|Any CPU
		{5B15EA85-B642-4FAD-86B7-DA3BEC9F616A}.Release|Any CPU.Build.0 = Release|Any CPU
		{5B15EA85-B642-4FAD-86B7-DA3BEC9F616A}.Release|ARM.ActiveCfg = Release|Any CPU
		{5B15EA85-B642-4FAD-86B7-DA3BEC9F616A}.Release|ARM.Build.0 = Release|Any CPU
		{5B15EA85-B642-4FAD-86B7-DA3BEC9F616A}.Release|ARM64.ActiveCfg = Release|Any CPU
		{5B15EA85-B642-4FAD-86B7-DA3BEC9F616A}.Release|ARM64.Build.0 = Release|Any CPU
		{5B15EA85-B642-4FAD-86B7-DA3BEC9F616A}.Release|x64.ActiveCfg = Release|Any CPU
		{5B15EA85-B642-4FAD-86B7-DA3BEC9F616A}.Release|x64.Build.0 = Release|Any CPU
		{5B15EA85-B642-4FAD-86B7-DA3BEC9F616A}.Release|x86.ActiveCfg = Release|Any CPU
		{5B15EA85-B642-4FAD-86B7-DA3BEC9F616A}.Release|x86.Build.0 = Release|Any CPU
	EndGlobalSection
	GlobalSection(SolutionProperties) = preSolution
		HideSolutionNode = FALSE
	EndGlobalSection
	GlobalSection(ExtensibilityGlobals) = postSolution
		SolutionGuid = {CB0694CD-EE57-49D2-BC39-FAE3740F54F4}
	EndGlobalSection
EndGlobal
